
Microsoft Visual Studio Solution File, Format Version 12.00
# Visual Studio 15
VisualStudioVersion = 15.0.28307.136
MinimumVisualStudioVersion = 10.0.40219.1
Project("{FAE04EC0-301F-11D3-BF4B-00C04F79EFBC}") = "MainApp", "MainApp\MainApp.csproj", "{F2A0123F-5B17-41EF-BB31-6CFE9A226176}"
EndProject
Project("{FAE04EC0-301F-11D3-BF4B-00C04F79EFBC}") = "Utils", "Utils\Utils.csproj", "{5777E1DC-3A49-4628-BEF1-9BB66C51B047}"
EndProject
Global
	GlobalSection(SolutionConfigurationPlatforms) = preSolution
		Debug|Any CPU = Debug|Any CPU
		Debug|x64 = Debug|x64
		Debug|x86 = Debug|x86
		Release|Any CPU = Release|Any CPU
		Release|x64 = Release|x64
		Release|x86 = Release|x86
	EndGlobalSection
	GlobalSection(ProjectConfigurationPlatforms) = postSolution
		{F2A0123F-5B17-41EF-BB31-6CFE9A226176}.Debug|Any CPU.ActiveCfg = Debug|Any CPU
		{F2A0123F-5B17-41EF-BB31-6CFE9A226176}.Debug|Any CPU.Build.0 = Debug|Any CPU
		{F2A0123F-5B17-41EF-BB31-6CFE9A226176}.Debug|x64.ActiveCfg = Debug|Any CPU
		{F2A0123F-5B17-41EF-BB31-6CFE9A226176}.Debug|x64.Build.0 = Debug|Any CPU
		{F2A0123F-5B17-41EF-BB31-6CFE9A226176}.Debug|x86.ActiveCfg = Debug|x86
		{F2A0123F-5B17-41EF-BB31-6CFE9A226176}.Debug|x86.Build.0 = Debug|x86
		{F2A0123F-5B17-41EF-BB31-6CFE9A226176}.Release|Any CPU.ActiveCfg = Release|Any CPU
		{F2A0123F-5B17-41EF-BB31-6CFE9A226176}.Release|Any CPU.Build.0 = Release|Any CPU
		{F2A0123F-5B17-41EF-BB31-6CFE9A226176}.Release|x64.ActiveCfg = Release|Any CPU
		{F2A0123F-5B17-41EF-BB31-6CFE9A226176}.Release|x64.Build.0 = Release|Any CPU
		{F2A0123F-5B17-41EF-BB31-6CFE9A226176}.Release|x86.ActiveCfg = Release|x86
		{F2A0123F-5B17-41EF-BB31-6CFE9A226176}.Release|x86.Build.0 = Release|x86
		{5777E1DC-3A49-4628-BEF1-9BB66C51B047}.Debug|Any CPU.ActiveCfg = Debug|Any CPU
		{5777E1DC-3A49-4628-BEF1-9BB66C51B047}.Debug|Any CPU.Build.0 = Debug|Any CPU
		{5777E1DC-3A49-4628-BEF1-9BB66C51B047}.Debug|x64.ActiveCfg = Debug|Any CPU
		{5777E1DC-3A49-4628-BEF1-9BB66C51B047}.Debug|x64.Build.0 = Debug|Any CPU
		{5777E1DC-3A49-4628-BEF1-9BB66C51B047}.Debug|x86.ActiveCfg = Debug|x86
		{5777E1DC-3A49-4628-BEF1-9BB66C51B047}.Debug|x86.Build.0 = Debug|x86
		{5777E1DC-3A49-4628-BEF1-9BB66C51B047}.Release|Any CPU.ActiveCfg = Release|Any CPU
		{5777E1DC-3A49-4628-BEF1-9BB66C51B047}.Release|Any CPU.Build.0 = Release|Any CPU
		{5777E1DC-3A49-4628-BEF1-9BB66C51B047}.Release|x64.ActiveCfg = Release|Any CPU
		{5777E1DC-3A49-4628-BEF1-9BB66C51B047}.Release|x64.Build.0 = Release|Any CPU
		{5777E1DC-3A49-4628-BEF1-9BB66C51B047}.Release|x86.ActiveCfg = Release|x86
		{5777E1DC-3A49-4628-BEF1-9BB66C51B047}.Release|x86.Build.0 = Release|x86
	EndGlobalSection
	GlobalSection(SolutionProperties) = preSolution
		HideSolutionNode = FALSE
	EndGlobalSection
	GlobalSection(ExtensibilityGlobals) = postSolution
		SolutionGuid = {9A9F8DDA-A8BD-4BE4-A4B5-710B27D23EA6}
	EndGlobalSection
EndGlobal
